// !$*UTF8*$!
{
	archiveVersion = 1;
	classes = {
	};
	objectVersion = 46;
	objects = {

/* Begin PBXBuildFile section */
		AAA575631F85D03400580DB3 /* gravacomp.c in Sources */ = {isa = PBXBuildFile; fileRef = AAA5755E1F85D03400580DB3 /* gravacomp.c */; };
		AAA575641F85D03400580DB3 /* main.c in Sources */ = {isa = PBXBuildFile; fileRef = AAA575601F85D03400580DB3 /* main.c */; };
		AAA575651F85D03400580DB3 /* mostracomp.c in Sources */ = {isa = PBXBuildFile; fileRef = AAA575611F85D03400580DB3 /* mostracomp.c */; };
/* End PBXBuildFile section */

/* Begin PBXCopyFilesBuildPhase section */
		AA929B611F82681700578AC6 /* CopyFiles */ = {
			isa = PBXCopyFilesBuildPhase;
			buildActionMask = 2147483647;
			dstPath = /usr/share/man/man1/;
			dstSubfolderSpec = 0;
			files = (
			);
			runOnlyForDeploymentPostprocessing = 1;
		};
/* End PBXCopyFilesBuildPhase section */

/* Begin PBXFileReference section */
		AA929B631F82681700578AC6 /* TrabSoft */ = {isa = PBXFileReference; explicitFileType = "compiled.mach-o.executable"; includeInIndex = 0; name = TrabSoft; path = "/Users/brunaparacat1/Documents/PUC/Software Basico/SoftwareBasico_trabalho/build/Debug/TrabSoft"; sourceTree = "<absolute>"; };
		AAA5755E1F85D03400580DB3 /* gravacomp.c */ = {isa = PBXFileReference; fileEncoding = 4; lastKnownFileType = sourcecode.c.c; path = gravacomp.c; sourceTree = "<group>"; };
		AAA5755F1F85D03400580DB3 /* gravacomp.h */ = {isa = PBXFileReference; fileEncoding = 4; lastKnownFileType = sourcecode.c.h; path = gravacomp.h; sourceTree = "<group>"; };
		AAA575601F85D03400580DB3 /* main.c */ = {isa = PBXFileReference; fileEncoding = 4; lastKnownFileType = sourcecode.c.c; path = main.c; sourceTree = "<group>"; };
		AAA575611F85D03400580DB3 /* mostracomp.c */ = {isa = PBXFileReference; fileEncoding = 4; lastKnownFileType = sourcecode.c.c; path = mostracomp.c; sourceTree = "<group>"; };
		AAA575621F85D03400580DB3 /* mostracomp.h */ = {isa = PBXFileReference; fileEncoding = 4; lastKnownFileType = sourcecode.c.h; path = mostracomp.h; sourceTree = "<group>"; };
		AAA575661F85D06600580DB3 /* TrabSoft */ = {isa = PBXFileReference; lastKnownFileType = folder; path = TrabSoft; sourceTree = "<group>"; };
/* End PBXFileReference section */

/* Begin PBXFrameworksBuildPhase section */
		AA929B601F82681700578AC6 /* Frameworks */ = {
			isa = PBXFrameworksBuildPhase;
			buildActionMask = 2147483647;
			files = (
			);
			runOnlyForDeploymentPostprocessing = 0;
		};
/* End PBXFrameworksBuildPhase section */

/* Begin PBXGroup section */
		AA929B5A1F82681700578AC6 = {
			isa = PBXGroup;
			children = (
				AAA5755E1F85D03400580DB3 /* gravacomp.c */,
				AAA5755F1F85D03400580DB3 /* gravacomp.h */,
				AAA575601F85D03400580DB3 /* main.c */,
				AAA575611F85D03400580DB3 /* mostracomp.c */,
				AAA575621F85D03400580DB3 /* mostracomp.h */,
				AAA575661F85D06600580DB3 /* TrabSoft */,
			);
			sourceTree = "<group>";
		};
/* End PBXGroup section */

/* Begin PBXNativeTarget section */
		AA929B621F82681700578AC6 /* TrabSoft */ = {
			isa = PBXNativeTarget;
			buildConfigurationList = AA929B6A1F82681700578AC6 /* Build configuration list for PBXNativeTarget "TrabSoft" */;
			buildPhases = (
				AA929B5F1F82681700578AC6 /* Sources */,
				AA929B601F82681700578AC6 /* Frameworks */,
				AA929B611F82681700578AC6 /* CopyFiles */,
			);
			buildRules = (
			);
			dependencies = (
			);
			name = TrabSoft;
			productName = TrabSoft;
			productReference = AA929B631F82681700578AC6 /* TrabSoft */;
			productType = "com.apple.product-type.tool";
		};
/* End PBXNativeTarget section */

/* Begin PBXProject section */
		AA929B5B1F82681700578AC6 /* Project object */ = {
			isa = PBXProject;
			attributes = {
				LastUpgradeCheck = 0730;
				ORGANIZATIONNAME = "Bruna Paracat";
				TargetAttributes = {
					AA929B621F82681700578AC6 = {
						CreatedOnToolsVersion = 7.3.1;
					};
				};
			};
			buildConfigurationList = AA929B5E1F82681700578AC6 /* Build configuration list for PBXProject "TrabSoft" */;
			compatibilityVersion = "Xcode 3.2";
			developmentRegion = English;
			hasScannedForEncodings = 0;
			knownRegions = (
				en,
			);
			mainGroup = AA929B5A1F82681700578AC6;
			productRefGroup = AA929B5A1F82681700578AC6;
			projectDirPath = "";
			projectRoot = "";
			targets = (
				AA929B621F82681700578AC6 /* TrabSoft */,
			);
		};
/* End PBXProject section */

/* Begin PBXSourcesBuildPhase section */
		AA929B5F1F82681700578AC6 /* Sources */ = {
			isa = PBXSourcesBuildPhase;
			buildActionMask = 2147483647;
			files = (
				AAA575641F85D03400580DB3 /* main.c in Sources */,
				AAA575631F85D03400580DB3 /* gravacomp.c in Sources */,
				AAA575651F85D03400580DB3 /* mostracomp.c in Sources */,
			);
			runOnlyForDeploymentPostprocessing = 0;
		};
/* End PBXSourcesBuildPhase section */

/* Begin XCBuildConfiguration section */
		AA929B681F82681700578AC6 /* Debug */ = {
			isa = XCBuildConfiguration;
			buildSettings = {
				ALWAYS_SEARCH_USER_PATHS = NO;
				CLANG_ANALYZER_NONNULL = YES;
				CLANG_CXX_LANGUAGE_STANDARD = "gnu++0x";
				CLANG_CXX_LIBRARY = "libc++";
				CLANG_ENABLE_MODULES = YES;
				CLANG_ENABLE_OBJC_ARC = YES;
				CLANG_WARN_BOOL_CONVERSION = YES;
				CLANG_WARN_CONSTANT_CONVERSION = YES;
				CLANG_WARN_DIRECT_OBJC_ISA_USAGE = YES_ERROR;
				CLANG_WARN_EMPTY_BODY = YES;
				CLANG_WARN_ENUM_CONVERSION = YES;
				CLANG_WARN_INT_CONVERSION = YES;
				CLANG_WARN_OBJC_ROOT_CLASS = YES_ERROR;
				CLANG_WARN_UNREACHABLE_CODE = YES;
				CLANG_WARN__DUPLICATE_METHOD_MATCH = YES;
				CODE_SIGN_IDENTITY = "-";
				COPY_PHASE_STRIP = NO;
				DEBUG_INFORMATION_FORMAT = dwarf;
				ENABLE_STRICT_OBJC_MSGSEND = YES;
				ENABLE_TESTABILITY = YES;
				GCC_C_LANGUAGE_STANDARD = gnu99;
				GCC_DYNAMIC_NO_PIC = NO;
				GCC_NO_COMMON_BLOCKS = YES;
				GCC_OPTIMIZATION_LEVEL = 0;
				GCC_PREPROCESSOR_DEFINITIONS = (
					"DEBUG=1",
					"$(inherited)",
				);
				GCC_WARN_64_TO_32_BIT_CONVERSION = YES;
				GCC_WARN_ABOUT_RETURN_TYPE = YES_ERROR;
				GCC_WARN_UNDECLARED_SELECTOR = YES;
				GCC_WARN_UNINITIALIZED_AUTOS = YES_AGGRESSIVE;
				GCC_WARN_UNUSED_FUNCTION = YES;
				GCC_WARN_UNUSED_VARIABLE = YES;
				MACOSX_DEPLOYMENT_TARGET = 10.11;
				MTL_ENABLE_DEBUG_INFO = YES;
				ONLY_ACTIVE_ARCH = YES;
				SDKROOT = macosx;
			};
			name = Debug;
		};
		AA929B691F82681700578AC6 /* Release */ = {
			isa = XCBuildConfiguration;
			buildSettings = {
				ALWAYS_SEARCH_USER_PATHS = NO;
				CLANG_ANALYZER_NONNULL = YES;
				CLANG_CXX_LANGUAGE_STANDARD = "gnu++0x";
				CLANG_CXX_LIBRARY = "libc++";
				CLANG_ENABLE_MODULES = YES;
				CLANG_ENABLE_OBJC_ARC = YES;
				CLANG_WARN_BOOL_CONVERSION = YES;
				CLANG_WARN_CONSTANT_CONVERSION = YES;
				CLANG_WARN_DIRECT_OBJC_ISA_USAGE = YES_ERROR;
				CLANG_WARN_EMPTY_BODY = YES;
				CLANG_WARN_ENUM_CONVERSION = YES;
				CLANG_WARN_INT_CONVERSION = YES;
				CLANG_WARN_OBJC_ROOT_CLASS = YES_ERROR;
				CLANG_WARN_UNREACHABLE_CODE = YES;
				CLANG_WARN__DUPLICATE_METHOD_MATCH = YES;
				CODE_SIGN_IDENTITY = "-";
				COPY_PHASE_STRIP = NO;
				DEBUG_INFORMATION_FORMAT = "dwarf-with-dsym";
				ENABLE_NS_ASSERTIONS = NO;
				ENABLE_STRICT_OBJC_MSGSEND = YES;
				GCC_C_LANGUAGE_STANDARD = gnu99;
				GCC_NO_COMMON_BLOCKS = YES;
				GCC_WARN_64_TO_32_BIT_CONVERSION = YES;
				GCC_WARN_ABOUT_RETURN_TYPE = YES_ERROR;
				GCC_WARN_UNDECLARED_SELECTOR = YES;
				GCC_WARN_UNINITIALIZED_AUTOS = YES_AGGRESSIVE;
				GCC_WARN_UNUSED_FUNCTION = YES;
				GCC_WARN_UNUSED_VARIABLE = YES;
				MACOSX_DEPLOYMENT_TARGET = 10.11;
				MTL_ENABLE_DEBUG_INFO = NO;
				SDKROOT = macosx;
			};
			name = Release;
		};
		AA929B6B1F82681700578AC6 /* Debug */ = {
			isa = XCBuildConfiguration;
			buildSettings = {
				PRODUCT_NAME = "$(TARGET_NAME)";
			};
			name = Debug;
		};
		AA929B6C1F82681700578AC6 /* Release */ = {
			isa = XCBuildConfiguration;
			buildSettings = {
				PRODUCT_NAME = "$(TARGET_NAME)";
			};
			name = Release;
		};
/* End XCBuildConfiguration section */

/* Begin XCConfigurationList section */
		AA929B5E1F82681700578AC6 /* Build configuration list for PBXProject "TrabSoft" */ = {
			isa = XCConfigurationList;
			buildConfigurations = (
				AA929B681F82681700578AC6 /* Debug */,
				AA929B691F82681700578AC6 /* Release */,
			);
			defaultConfigurationIsVisible = 0;
			defaultConfigurationName = Release;
		};
		AA929B6A1F82681700578AC6 /* Build configuration list for PBXNativeTarget "TrabSoft" */ = {
			isa = XCConfigurationList;
			buildConfigurations = (
				AA929B6B1F82681700578AC6 /* Debug */,
				AA929B6C1F82681700578AC6 /* Release */,
			);
			defaultConfigurationIsVisible = 0;
			defaultConfigurationName = Release;
		};
/* End XCConfigurationList section */
	};
	rootObject = AA929B5B1F82681700578AC6 /* Project object */;
}
